
Microsoft Visual Studio Solution File, Format Version 12.00
# Visual Studio Version 17
VisualStudioVersion = 17.10.34814.14
MinimumVisualStudioVersion = 10.0.40219.1
Project("{FAE04EC0-301F-11D3-BF4B-00C04F79EFBC}") = "Final", "Final\Final.csproj", "{B6A44645-4EEF-42ED-9C3C-E0E91B07C38E}"
EndProject
Global
	GlobalSection(SolutionConfigurationPlatforms) = preSolution
		Debug|Any CPU = Debug|Any CPU
		Release|Any CPU = Release|Any CPU
	EndGlobalSection
	GlobalSection(ProjectConfigurationPlatforms) = postSolution
		{B6A44645-4EEF-42ED-9C3C-E0E91B07C38E}.Debug|Any CPU.ActiveCfg = Debug|Any CPU
		{B6A44645-4EEF-42ED-9C3C-E0E91B07C38E}.Debug|Any CPU.Build.0 = Debug|Any CPU
		{B6A44645-4EEF-42ED-9C3C-E0E91B07C38E}.Release|Any CPU.ActiveCfg = Release|Any CPU
		{B6A44645-4EEF-42ED-9C3C-E0E91B07C38E}.Release|Any CPU.Build.0 = Release|Any CPU
	EndGlobalSection
	GlobalSection(SolutionProperties) = preSolution
		HideSolutionNode = FALSE
	EndGlobalSection
	GlobalSection(ExtensibilityGlobals) = postSolution
		SolutionGuid = {04A29BB1-5BF4-47DE-A184-E9BF4C8A3831}
	EndGlobalSection
EndGlobal
